# This file is automatically @generated by Cargo.
# It is not intended for manual editing.
version = 3

[[package]]
name = "const_panic"
version = "0.2.10"
source = "registry+https://github.com/rust-lang/crates.io-index"
checksum = "013b6c2c3a14d678f38cd23994b02da3a1a1b6a5d1eedddfe63a5a5f11b13a81"

[[package]]
name = "nlist"
version = "0.0.0"
dependencies = [
 "const_panic",
 "typewit",
]

[[package]]
name = "typewit"
version = "1.9.0"
source = "registry+https://github.com/rust-lang/crates.io-index"
checksum = "c6fb9ae6a3cafaf0a5d14c2302ca525f9ae8e07a0f0e6949de88d882c37a6e24"
